// !$*UTF8*$!
{
	archiveVersion = 1;
	classes = {
	};
	objectVersion = 46;
	objects = {

/* Begin PBXBuildFile section */
		6D218DBF18383B1000C4CD63 /* Foundation.framework in Frameworks */ = {isa = PBXBuildFile; fileRef = 6D218DBE18383B1000C4CD63 /* Foundation.framework */; };
		6D218DC118383B1000C4CD63 /* CoreGraphics.framework in Frameworks */ = {isa = PBXBuildFile; fileRef = 6D218DC018383B1000C4CD63 /* CoreGraphics.framework */; };
		6D218DC318383B1000C4CD63 /* UIKit.framework in Frameworks */ = {isa = PBXBuildFile; fileRef = 6D218DC218383B1000C4CD63 /* UIKit.framework */; };
		6D218DC918383B1000C4CD63 /* InfoPlist.strings in Resources */ = {isa = PBXBuildFile; fileRef = 6D218DC718383B1000C4CD63 /* InfoPlist.strings */; };
		6D218DCB18383B1000C4CD63 /* main.m in Sources */ = {isa = PBXBuildFile; fileRef = 6D218DCA18383B1000C4CD63 /* main.m */; };
		6D218DCF18383B1000C4CD63 /* AppDelegate.m in Sources */ = {isa = PBXBuildFile; fileRef = 6D218DCE18383B1000C4CD63 /* AppDelegate.m */; };
		6D218DD218383B1000C4CD63 /* Main.storyboard in Resources */ = {isa = PBXBuildFile; fileRef = 6D218DD018383B1000C4CD63 /* Main.storyboard */; };
		6D218DD518383B1000C4CD63 /* ViewController.m in Sources */ = {isa = PBXBuildFile; fileRef = 6D218DD418383B1000C4CD63 /* ViewController.m */; };
		6D218DD718383B1000C4CD63 /* Images.xcassets in Resources */ = {isa = PBXBuildFile; fileRef = 6D218DD618383B1000C4CD63 /* Images.xcassets */; };
		6D218DDE18383B1000C4CD63 /* XCTest.framework in Frameworks */ = {isa = PBXBuildFile; fileRef = 6D218DDD18383B1000C4CD63 /* XCTest.framework */; };
		6D218DDF18383B1000C4CD63 /* Foundation.framework in Frameworks */ = {isa = PBXBuildFile; fileRef = 6D218DBE18383B1000C4CD63 /* Foundation.framework */; };
		6D218DE018383B1000C4CD63 /* UIKit.framework in Frameworks */ = {isa = PBXBuildFile; fileRef = 6D218DC218383B1000C4CD63 /* UIKit.framework */; };
		6D218DE818383B1000C4CD63 /* InfoPlist.strings in Resources */ = {isa = PBXBuildFile; fileRef = 6D218DE618383B1000C4CD63 /* InfoPlist.strings */; };
		6D218DEA18383B1000C4CD63 /* TSValidatedTextField_SampleTests.m in Sources */ = {isa = PBXBuildFile; fileRef = 6D218DE918383B1000C4CD63 /* TSValidatedTextField_SampleTests.m */; };
		6D218DF518383B3300C4CD63 /* TSValidatedTextField.m in Sources */ = {isa = PBXBuildFile; fileRef = 6D218DF318383B3300C4CD63 /* TSValidatedTextField.m */; };
		6D218DF91838A56400C4CD63 /* UIColor+CustomColors.m in Sources */ = {isa = PBXBuildFile; fileRef = 6D218DF81838A56400C4CD63 /* UIColor+CustomColors.m */; };
/* End PBXBuildFile section */

/* Begin PBXContainerItemProxy section */
		6D218DE118383B1000C4CD63 /* PBXContainerItemProxy */ = {
			isa = PBXContainerItemProxy;
			containerPortal = 6D218DB318383B1000C4CD63 /* Project object */;
			proxyType = 1;
			remoteGlobalIDString = 6D218DBA18383B1000C4CD63;
			remoteInfo = "TSValidatedTextField-Sample";
		};
/* End PBXContainerItemProxy section */

/* Begin PBXFileReference section */
		6D218DBB18383B1000C4CD63 /* TSValidatedTextField-Sample.app */ = {isa = PBXFileReference; explicitFileType = wrapper.application; includeInIndex = 0; path = "TSValidatedTextField-Sample.app"; sourceTree = BUILT_PRODUCTS_DIR; };
		6D218DBE18383B1000C4CD63 /* Foundation.framework */ = {isa = PBXFileReference; lastKnownFileType = wrapper.framework; name = Foundation.framework; path = System/Library/Frameworks/Foundation.framework; sourceTree = SDKROOT; };
		6D218DC018383B1000C4CD63 /* CoreGraphics.framework */ = {isa = PBXFileReference; lastKnownFileType = wrapper.framework; name = CoreGraphics.framework; path = System/Library/Frameworks/CoreGraphics.framework; sourceTree = SDKROOT; };
		6D218DC218383B1000C4CD63 /* UIKit.framework */ = {isa = PBXFileReference; lastKnownFileType = wrapper.framework; name = UIKit.framework; path = System/Library/Frameworks/UIKit.framework; sourceTree = SDKROOT; };
		6D218DC618383B1000C4CD63 /* TSValidatedTextField-Sample-Info.plist */ = {isa = PBXFileReference; lastKnownFileType = text.plist.xml; path = "TSValidatedTextField-Sample-Info.plist"; sourceTree = "<group>"; };
		6D218DC818383B1000C4CD63 /* en */ = {isa = PBXFileReference; lastKnownFileType = text.plist.strings; name = en; path = en.lproj/InfoPlist.strings; sourceTree = "<group>"; };
		6D218DCA18383B1000C4CD63 /* main.m */ = {isa = PBXFileReference; lastKnownFileType = sourcecode.c.objc; path = main.m; sourceTree = "<group>"; };
		6D218DCC18383B1000C4CD63 /* TSValidatedTextField-Sample-Prefix.pch */ = {isa = PBXFileReference; lastKnownFileType = sourcecode.c.h; path = "TSValidatedTextField-Sample-Prefix.pch"; sourceTree = "<group>"; };
		6D218DCD18383B1000C4CD63 /* AppDelegate.h */ = {isa = PBXFileReference; lastKnownFileType = sourcecode.c.h; path = AppDelegate.h; sourceTree = "<group>"; };
		6D218DCE18383B1000C4CD63 /* AppDelegate.m */ = {isa = PBXFileReference; lastKnownFileType = sourcecode.c.objc; path = AppDelegate.m; sourceTree = "<group>"; };
		6D218DD118383B1000C4CD63 /* Base */ = {isa = PBXFileReference; lastKnownFileType = file.storyboard; name = Base; path = Base.lproj/Main.storyboard; sourceTree = "<group>"; };
		6D218DD318383B1000C4CD63 /* ViewController.h */ = {isa = PBXFileReference; lastKnownFileType = sourcecode.c.h; path = ViewController.h; sourceTree = "<group>"; };
		6D218DD418383B1000C4CD63 /* ViewController.m */ = {isa = PBXFileReference; lastKnownFileType = sourcecode.c.objc; path = ViewController.m; sourceTree = "<group>"; };
		6D218DD618383B1000C4CD63 /* Images.xcassets */ = {isa = PBXFileReference; lastKnownFileType = folder.assetcatalog; path = Images.xcassets; sourceTree = "<group>"; };
		6D218DDC18383B1000C4CD63 /* TSValidatedTextField-SampleTests.xctest */ = {isa = PBXFileReference; explicitFileType = wrapper.cfbundle; includeInIndex = 0; path = "TSValidatedTextField-SampleTests.xctest"; sourceTree = BUILT_PRODUCTS_DIR; };
		6D218DDD18383B1000C4CD63 /* XCTest.framework */ = {isa = PBXFileReference; lastKnownFileType = wrapper.framework; name = XCTest.framework; path = Library/Frameworks/XCTest.framework; sourceTree = DEVELOPER_DIR; };
		6D218DE518383B1000C4CD63 /* TSValidatedTextField-SampleTests-Info.plist */ = {isa = PBXFileReference; lastKnownFileType = text.plist.xml; path = "TSValidatedTextField-SampleTests-Info.plist"; sourceTree = "<group>"; };
		6D218DE718383B1000C4CD63 /* en */ = {isa = PBXFileReference; lastKnownFileType = text.plist.strings; name = en; path = en.lproj/InfoPlist.strings; sourceTree = "<group>"; };
		6D218DE918383B1000C4CD63 /* TSValidatedTextField_SampleTests.m */ = {isa = PBXFileReference; lastKnownFileType = sourcecode.c.objc; path = TSValidatedTextField_SampleTests.m; sourceTree = "<group>"; };
		6D218DF318383B3300C4CD63 /* TSValidatedTextField.m */ = {isa = PBXFileReference; fileEncoding = 4; lastKnownFileType = sourcecode.c.objc; path = TSValidatedTextField.m; sourceTree = "<group>"; };
		6D218DF418383B3300C4CD63 /* TSValidatedTextField.h */ = {isa = PBXFileReference; fileEncoding = 4; lastKnownFileType = sourcecode.c.h; path = TSValidatedTextField.h; sourceTree = "<group>"; };
		6D218DF71838A56400C4CD63 /* UIColor+CustomColors.h */ = {isa = PBXFileReference; fileEncoding = 4; lastKnownFileType = sourcecode.c.h; path = "UIColor+CustomColors.h"; sourceTree = "<group>"; };
		6D218DF81838A56400C4CD63 /* UIColor+CustomColors.m */ = {isa = PBXFileReference; fileEncoding = 4; lastKnownFileType = sourcecode.c.objc; path = "UIColor+CustomColors.m"; sourceTree = "<group>"; };
/* End PBXFileReference section */

/* Begin PBXFrameworksBuildPhase section */
		6D218DB818383B1000C4CD63 /* Frameworks */ = {
			isa = PBXFrameworksBuildPhase;
			buildActionMask = 2147483647;
			files = (
				6D218DC118383B1000C4CD63 /* CoreGraphics.framework in Frameworks */,
				6D218DC318383B1000C4CD63 /* UIKit.framework in Frameworks */,
				6D218DBF18383B1000C4CD63 /* Foundation.framework in Frameworks */,
			);
			runOnlyForDeploymentPostprocessing = 0;
		};
		6D218DD918383B1000C4CD63 /* Frameworks */ = {
			isa = PBXFrameworksBuildPhase;
			buildActionMask = 2147483647;
			files = (
				6D218DDE18383B1000C4CD63 /* XCTest.framework in Frameworks */,
				6D218DE018383B1000C4CD63 /* UIKit.framework in Frameworks */,
				6D218DDF18383B1000C4CD63 /* Foundation.framework in Frameworks */,
			);
			runOnlyForDeploymentPostprocessing = 0;
		};
/* End PBXFrameworksBuildPhase section */

/* Begin PBXGroup section */
		6D218DB218383B1000C4CD63 = {
			isa = PBXGroup;
			children = (
				6D218DC418383B1000C4CD63 /* TSValidatedTextField-Sample */,
				6D218DE318383B1000C4CD63 /* TSValidatedTextField-SampleTests */,
				6D218DBD18383B1000C4CD63 /* Frameworks */,
				6D218DBC18383B1000C4CD63 /* Products */,
			);
			sourceTree = "<group>";
		};
		6D218DBC18383B1000C4CD63 /* Products */ = {
			isa = PBXGroup;
			children = (
				6D218DBB18383B1000C4CD63 /* TSValidatedTextField-Sample.app */,
				6D218DDC18383B1000C4CD63 /* TSValidatedTextField-SampleTests.xctest */,
			);
			name = Products;
			sourceTree = "<group>";
		};
		6D218DBD18383B1000C4CD63 /* Frameworks */ = {
			isa = PBXGroup;
			children = (
				6D218DBE18383B1000C4CD63 /* Foundation.framework */,
				6D218DC018383B1000C4CD63 /* CoreGraphics.framework */,
				6D218DC218383B1000C4CD63 /* UIKit.framework */,
				6D218DDD18383B1000C4CD63 /* XCTest.framework */,
			);
			name = Frameworks;
			sourceTree = "<group>";
		};
		6D218DC418383B1000C4CD63 /* TSValidatedTextField-Sample */ = {
			isa = PBXGroup;
			children = (
				6D218DF618383B5200C4CD63 /* TSValidatedTextField */,
				6D218DFB1838E82C00C4CD63 /* Classes */,
				6D218DD618383B1000C4CD63 /* Images.xcassets */,
				6D218DC518383B1000C4CD63 /* Supporting Files */,
			);
			path = "TSValidatedTextField-Sample";
			sourceTree = "<group>";
		};
		6D218DC518383B1000C4CD63 /* Supporting Files */ = {
			isa = PBXGroup;
			children = (
				6D218DC618383B1000C4CD63 /* TSValidatedTextField-Sample-Info.plist */,
				6D218DC718383B1000C4CD63 /* InfoPlist.strings */,
				6D218DCA18383B1000C4CD63 /* main.m */,
				6D218DCC18383B1000C4CD63 /* TSValidatedTextField-Sample-Prefix.pch */,
			);
			name = "Supporting Files";
			sourceTree = "<group>";
		};
		6D218DE318383B1000C4CD63 /* TSValidatedTextField-SampleTests */ = {
			isa = PBXGroup;
			children = (
				6D218DE918383B1000C4CD63 /* TSValidatedTextField_SampleTests.m */,
				6D218DE418383B1000C4CD63 /* Supporting Files */,
			);
			path = "TSValidatedTextField-SampleTests";
			sourceTree = "<group>";
		};
		6D218DE418383B1000C4CD63 /* Supporting Files */ = {
			isa = PBXGroup;
			children = (
				6D218DE518383B1000C4CD63 /* TSValidatedTextField-SampleTests-Info.plist */,
				6D218DE618383B1000C4CD63 /* InfoPlist.strings */,
			);
			name = "Supporting Files";
			sourceTree = "<group>";
		};
		6D218DF618383B5200C4CD63 /* TSValidatedTextField */ = {
			isa = PBXGroup;
			children = (
				6D218DF418383B3300C4CD63 /* TSValidatedTextField.h */,
				6D218DF318383B3300C4CD63 /* TSValidatedTextField.m */,
			);
			path = TSValidatedTextField;
			sourceTree = "<group>";
		};
		6D218DFA1838A57B00C4CD63 /* Categories */ = {
			isa = PBXGroup;
			children = (
				6D218DF71838A56400C4CD63 /* UIColor+CustomColors.h */,
				6D218DF81838A56400C4CD63 /* UIColor+CustomColors.m */,
			);
			name = Categories;
			sourceTree = "<group>";
		};
		6D218DFB1838E82C00C4CD63 /* Classes */ = {
			isa = PBXGroup;
			children = (
				6D218DCD18383B1000C4CD63 /* AppDelegate.h */,
				6D218DCE18383B1000C4CD63 /* AppDelegate.m */,
				6D218DD318383B1000C4CD63 /* ViewController.h */,
				6D218DD418383B1000C4CD63 /* ViewController.m */,
				6D218DD018383B1000C4CD63 /* Main.storyboard */,
				6D218DFA1838A57B00C4CD63 /* Categories */,
			);
			name = Classes;
			sourceTree = "<group>";
		};
/* End PBXGroup section */

/* Begin PBXNativeTarget section */
		6D218DBA18383B1000C4CD63 /* TSValidatedTextField-Sample */ = {
			isa = PBXNativeTarget;
			buildConfigurationList = 6D218DED18383B1000C4CD63 /* Build configuration list for PBXNativeTarget "TSValidatedTextField-Sample" */;
			buildPhases = (
				6D218DB718383B1000C4CD63 /* Sources */,
				6D218DB818383B1000C4CD63 /* Frameworks */,
				6D218DB918383B1000C4CD63 /* Resources */,
			);
			buildRules = (
			);
			dependencies = (
			);
			name = "TSValidatedTextField-Sample";
			productName = "TSValidatedTextField-Sample";
			productReference = 6D218DBB18383B1000C4CD63 /* TSValidatedTextField-Sample.app */;
			productType = "com.apple.product-type.application";
		};
		6D218DDB18383B1000C4CD63 /* TSValidatedTextField-SampleTests */ = {
			isa = PBXNativeTarget;
			buildConfigurationList = 6D218DF018383B1000C4CD63 /* Build configuration list for PBXNativeTarget "TSValidatedTextField-SampleTests" */;
			buildPhases = (
				6D218DD818383B1000C4CD63 /* Sources */,
				6D218DD918383B1000C4CD63 /* Frameworks */,
				6D218DDA18383B1000C4CD63 /* Resources */,
			);
			buildRules = (
			);
			dependencies = (
				6D218DE218383B1000C4CD63 /* PBXTargetDependency */,
			);
			name = "TSValidatedTextField-SampleTests";
			productName = "TSValidatedTextField-SampleTests";
			productReference = 6D218DDC18383B1000C4CD63 /* TSValidatedTextField-SampleTests.xctest */;
			productType = "com.apple.product-type.bundle.unit-test";
		};
/* End PBXNativeTarget section */

/* Begin PBXProject section */
		6D218DB318383B1000C4CD63 /* Project object */ = {
			isa = PBXProject;
			attributes = {
				LastUpgradeCheck = 0500;
				ORGANIZATIONNAME = "Tomasz Szulc";
				TargetAttributes = {
					6D218DDB18383B1000C4CD63 = {
						TestTargetID = 6D218DBA18383B1000C4CD63;
					};
				};
			};
			buildConfigurationList = 6D218DB618383B1000C4CD63 /* Build configuration list for PBXProject "TSValidatedTextField-Sample" */;
			compatibilityVersion = "Xcode 3.2";
			developmentRegion = English;
			hasScannedForEncodings = 0;
			knownRegions = (
				en,
				Base,
			);
			mainGroup = 6D218DB218383B1000C4CD63;
			productRefGroup = 6D218DBC18383B1000C4CD63 /* Products */;
			projectDirPath = "";
			projectRoot = "";
			targets = (
				6D218DBA18383B1000C4CD63 /* TSValidatedTextField-Sample */,
				6D218DDB18383B1000C4CD63 /* TSValidatedTextField-SampleTests */,
			);
		};
/* End PBXProject section */

/* Begin PBXResourcesBuildPhase section */
		6D218DB918383B1000C4CD63 /* Resources */ = {
			isa = PBXResourcesBuildPhase;
			buildActionMask = 2147483647;
			files = (
				6D218DD718383B1000C4CD63 /* Images.xcassets in Resources */,
				6D218DC918383B1000C4CD63 /* InfoPlist.strings in Resources */,
				6D218DD218383B1000C4CD63 /* Main.storyboard in Resources */,
			);
			runOnlyForDeploymentPostprocessing = 0;
		};
		6D218DDA18383B1000C4CD63 /* Resources */ = {
			isa = PBXResourcesBuildPhase;
			buildActionMask = 2147483647;
			files = (
				6D218DE818383B1000C4CD63 /* InfoPlist.strings in Resources */,
			);
			runOnlyForDeploymentPostprocessing = 0;
		};
/* End PBXResourcesBuildPhase section */

/* Begin PBXSourcesBuildPhase section */
		6D218DB718383B1000C4CD63 /* Sources */ = {
			isa = PBXSourcesBuildPhase;
			buildActionMask = 2147483647;
			files = (
				6D218DD518383B1000C4CD63 /* ViewController.m in Sources */,
				6D218DCF18383B1000C4CD63 /* AppDelegate.m in Sources */,
				6D218DF91838A56400C4CD63 /* UIColor+CustomColors.m in Sources */,
				6D218DCB18383B1000C4CD63 /* main.m in Sources */,
				6D218DF518383B3300C4CD63 /* TSValidatedTextField.m in Sources */,
			);
			runOnlyForDeploymentPostprocessing = 0;
		};
		6D218DD818383B1000C4CD63 /* Sources */ = {
			isa = PBXSourcesBuildPhase;
			buildActionMask = 2147483647;
			files = (
				6D218DEA18383B1000C4CD63 /* TSValidatedTextField_SampleTests.m in Sources */,
			);
			runOnlyForDeploymentPostprocessing = 0;
		};
/* End PBXSourcesBuildPhase section */

/* Begin PBXTargetDependency section */
		6D218DE218383B1000C4CD63 /* PBXTargetDependency */ = {
			isa = PBXTargetDependency;
			target = 6D218DBA18383B1000C4CD63 /* TSValidatedTextField-Sample */;
			targetProxy = 6D218DE118383B1000C4CD63 /* PBXContainerItemProxy */;
		};
/* End PBXTargetDependency section */

/* Begin PBXVariantGroup section */
		6D218DC718383B1000C4CD63 /* InfoPlist.strings */ = {
			isa = PBXVariantGroup;
			children = (
				6D218DC818383B1000C4CD63 /* en */,
			);
			name = InfoPlist.strings;
			sourceTree = "<group>";
		};
		6D218DD018383B1000C4CD63 /* Main.storyboard */ = {
			isa = PBXVariantGroup;
			children = (
				6D218DD118383B1000C4CD63 /* Base */,
			);
			name = Main.storyboard;
			sourceTree = "<group>";
		};
		6D218DE618383B1000C4CD63 /* InfoPlist.strings */ = {
			isa = PBXVariantGroup;
			children = (
				6D218DE718383B1000C4CD63 /* en */,
			);
			name = InfoPlist.strings;
			sourceTree = "<group>";
		};
/* End PBXVariantGroup section */

/* Begin XCBuildConfiguration section */
		6D218DEB18383B1000C4CD63 /* Debug */ = {
			isa = XCBuildConfiguration;
			buildSettings = {
				ALWAYS_SEARCH_USER_PATHS = NO;
				ARCHS = "$(ARCHS_STANDARD_INCLUDING_64_BIT)";
				CLANG_CXX_LANGUAGE_STANDARD = "gnu++0x";
				CLANG_CXX_LIBRARY = "libc++";
				CLANG_ENABLE_MODULES = YES;
				CLANG_ENABLE_OBJC_ARC = YES;
				CLANG_WARN_BOOL_CONVERSION = YES;
				CLANG_WARN_CONSTANT_CONVERSION = YES;
				CLANG_WARN_DIRECT_OBJC_ISA_USAGE = YES_ERROR;
				CLANG_WARN_EMPTY_BODY = YES;
				CLANG_WARN_ENUM_CONVERSION = YES;
				CLANG_WARN_INT_CONVERSION = YES;
				CLANG_WARN_OBJC_ROOT_CLASS = YES_ERROR;
				CLANG_WARN__DUPLICATE_METHOD_MATCH = YES;
				"CODE_SIGN_IDENTITY[sdk=iphoneos*]" = "iPhone Developer";
				COPY_PHASE_STRIP = NO;
				GCC_C_LANGUAGE_STANDARD = gnu99;
				GCC_DYNAMIC_NO_PIC = NO;
				GCC_OPTIMIZATION_LEVEL = 0;
				GCC_PREPROCESSOR_DEFINITIONS = (
					"DEBUG=1",
					"$(inherited)",
				);
				GCC_SYMBOLS_PRIVATE_EXTERN = NO;
				GCC_WARN_64_TO_32_BIT_CONVERSION = YES;
				GCC_WARN_ABOUT_RETURN_TYPE = YES_ERROR;
				GCC_WARN_UNDECLARED_SELECTOR = YES;
				GCC_WARN_UNINITIALIZED_AUTOS = YES;
				GCC_WARN_UNUSED_FUNCTION = YES;
				GCC_WARN_UNUSED_VARIABLE = YES;
				IPHONEOS_DEPLOYMENT_TARGET = 7.0;
				ONLY_ACTIVE_ARCH = YES;
				SDKROOT = iphoneos;
			};
			name = Debug;
		};
		6D218DEC18383B1000C4CD63 /* Release */ = {
			isa = XCBuildConfiguration;
			buildSettings = {
				ALWAYS_SEARCH_USER_PATHS = NO;
				ARCHS = "$(ARCHS_STANDARD_INCLUDING_64_BIT)";
				CLANG_CXX_LANGUAGE_STANDARD = "gnu++0x";
				CLANG_CXX_LIBRARY = "libc++";
				CLANG_ENABLE_MODULES = YES;
				CLANG_ENABLE_OBJC_ARC = YES;
				CLANG_WARN_BOOL_CONVERSION = YES;
				CLANG_WARN_CONSTANT_CONVERSION = YES;
				CLANG_WARN_DIRECT_OBJC_ISA_USAGE = YES_ERROR;
				CLANG_WARN_EMPTY_BODY = YES;
				CLANG_WARN_ENUM_CONVERSION = YES;
				CLANG_WARN_INT_CONVERSION = YES;
				CLANG_WARN_OBJC_ROOT_CLASS = YES_ERROR;
				CLANG_WARN__DUPLICATE_METHOD_MATCH = YES;
				"CODE_SIGN_IDENTITY[sdk=iphoneos*]" = "iPhone Developer";
				COPY_PHASE_STRIP = YES;
				ENABLE_NS_ASSERTIONS = NO;
				GCC_C_LANGUAGE_STANDARD = gnu99;
				GCC_WARN_64_TO_32_BIT_CONVERSION = YES;
				GCC_WARN_ABOUT_RETURN_TYPE = YES_ERROR;
				GCC_WARN_UNDECLARED_SELECTOR = YES;
				GCC_WARN_UNINITIALIZED_AUTOS = YES;
				GCC_WARN_UNUSED_FUNCTION = YES;
				GCC_WARN_UNUSED_VARIABLE = YES;
				IPHONEOS_DEPLOYMENT_TARGET = 7.0;
				SDKROOT = iphoneos;
				VALIDATE_PRODUCT = YES;
			};
			name = Release;
		};
		6D218DEE18383B1000C4CD63 /* Debug */ = {
			isa = XCBuildConfiguration;
			buildSettings = {
				ASSETCATALOG_COMPILER_APPICON_NAME = AppIcon;
				ASSETCATALOG_COMPILER_LAUNCHIMAGE_NAME = LaunchImage;
				GCC_PRECOMPILE_PREFIX_HEADER = YES;
				GCC_PREFIX_HEADER = "TSValidatedTextField-Sample/TSValidatedTextField-Sample-Prefix.pch";
				INFOPLIST_FILE = "TSValidatedTextField-Sample/TSValidatedTextField-Sample-Info.plist";
				PRODUCT_NAME = "$(TARGET_NAME)";
				WRAPPER_EXTENSION = app;
			};
			name = Debug;
		};
		6D218DEF18383B1000C4CD63 /* Release */ = {
			isa = XCBuildConfiguration;
			buildSettings = {
				ASSETCATALOG_COMPILER_APPICON_NAME = AppIcon;
				ASSETCATALOG_COMPILER_LAUNCHIMAGE_NAME = LaunchImage;
				GCC_PRECOMPILE_PREFIX_HEADER = YES;
				GCC_PREFIX_HEADER = "TSValidatedTextField-Sample/TSValidatedTextField-Sample-Prefix.pch";
				INFOPLIST_FILE = "TSValidatedTextField-Sample/TSValidatedTextField-Sample-Info.plist";
				PRODUCT_NAME = "$(TARGET_NAME)";
				WRAPPER_EXTENSION = app;
			};
			name = Release;
		};
		6D218DF118383B1000C4CD63 /* Debug */ = {
			isa = XCBuildConfiguration;
			buildSettings = {
				ARCHS = "$(ARCHS_STANDARD_INCLUDING_64_BIT)";
				BUNDLE_LOADER = "$(BUILT_PRODUCTS_DIR)/TSValidatedTextField-Sample.app/TSValidatedTextField-Sample";
				FRAMEWORK_SEARCH_PATHS = (
					"$(SDKROOT)/Developer/Library/Frameworks",
					"$(inherited)",
					"$(DEVELOPER_FRAMEWORKS_DIR)",
				);
				GCC_PRECOMPILE_PREFIX_HEADER = YES;
				GCC_PREFIX_HEADER = "TSValidatedTextField-Sample/TSValidatedTextField-Sample-Prefix.pch";
				GCC_PREPROCESSOR_DEFINITIONS = (
					"DEBUG=1",
					"$(inherited)",
				);
				INFOPLIST_FILE = "TSValidatedTextField-SampleTests/TSValidatedTextField-SampleTests-Info.plist";
				PRODUCT_NAME = "$(TARGET_NAME)";
				TEST_HOST = "$(BUNDLE_LOADER)";
				WRAPPER_EXTENSION = xctest;
			};
			name = Debug;
		};
		6D218DF218383B1000C4CD63 /* Release */ = {
			isa = XCBuildConfiguration;
			buildSettings = {
				ARCHS = "$(ARCHS_STANDARD_INCLUDING_64_BIT)";
				BUNDLE_LOADER = "$(BUILT_PRODUCTS_DIR)/TSValidatedTextField-Sample.app/TSValidatedTextField-Sample";
				FRAMEWORK_SEARCH_PATHS = (
					"$(SDKROOT)/Developer/Library/Frameworks",
					"$(inherited)",
					"$(DEVELOPER_FRAMEWORKS_DIR)",
				);
				GCC_PRECOMPILE_PREFIX_HEADER = YES;
				GCC_PREFIX_HEADER = "TSValidatedTextField-Sample/TSValidatedTextField-Sample-Prefix.pch";
				INFOPLIST_FILE = "TSValidatedTextField-SampleTests/TSValidatedTextField-SampleTests-Info.plist";
				PRODUCT_NAME = "$(TARGET_NAME)";
				TEST_HOST = "$(BUNDLE_LOADER)";
				WRAPPER_EXTENSION = xctest;
			};
			name = Release;
		};
/* End XCBuildConfiguration section */

/* Begin XCConfigurationList section */
		6D218DB618383B1000C4CD63 /* Build configuration list for PBXProject "TSValidatedTextField-Sample" */ = {
			isa = XCConfigurationList;
			buildConfigurations = (
				6D218DEB18383B1000C4CD63 /* Debug */,
				6D218DEC18383B1000C4CD63 /* Release */,
			);
			defaultConfigurationIsVisible = 0;
			defaultConfigurationName = Release;
		};
		6D218DED18383B1000C4CD63 /* Build configuration list for PBXNativeTarget "TSValidatedTextField-Sample" */ = {
			isa = XCConfigurationList;
			buildConfigurations = (
				6D218DEE18383B1000C4CD63 /* Debug */,
				6D218DEF18383B1000C4CD63 /* Release */,
			);
			defaultConfigurationIsVisible = 0;
		};
		6D218DF018383B1000C4CD63 /* Build configuration list for PBXNativeTarget "TSValidatedTextField-SampleTests" */ = {
			isa = XCConfigurationList;
			buildConfigurations = (
				6D218DF118383B1000C4CD63 /* Debug */,
				6D218DF218383B1000C4CD63 /* Release */,
			);
			defaultConfigurationIsVisible = 0;
		};
/* End XCConfigurationList section */
	};
	rootObject = 6D218DB318383B1000C4CD63 /* Project object */;
}
